
Microsoft Visual Studio Solution File, Format Version 12.00
# Visual Studio Version 17
VisualStudioVersion = 17.5.002.0
MinimumVisualStudioVersion = 10.0.40219.1
Project("{9A19103F-16F7-4668-BE54-9A1E7A4F7556}") = "apisem", "apisem.csproj", "{73512B09-410B-493C-9C10-CC76D004E0F8}"
EndProject
Global
	GlobalSection(SolutionConfigurationPlatforms) = preSolution
		Debug|Any CPU = Debug|Any CPU
		Release|Any CPU = Release|Any CPU
	EndGlobalSection
	GlobalSection(ProjectConfigurationPlatforms) = postSolution
		{73512B09-410B-493C-9C10-CC76D004E0F8}.Debug|Any CPU.ActiveCfg = Debug|Any CPU
		{73512B09-410B-493C-9C10-CC76D004E0F8}.Debug|Any CPU.Build.0 = Debug|Any CPU
		{73512B09-410B-493C-9C10-CC76D004E0F8}.Release|Any CPU.ActiveCfg = Release|Any CPU
		{73512B09-410B-493C-9C10-CC76D004E0F8}.Release|Any CPU.Build.0 = Release|Any CPU
	EndGlobalSection
	GlobalSection(SolutionProperties) = preSolution
		HideSolutionNode = FALSE
	EndGlobalSection
	GlobalSection(ExtensibilityGlobals) = postSolution
		SolutionGuid = {BB648C3F-7335-4CC8-A675-6183BA9BE4C1}
	EndGlobalSection
EndGlobal
